
Microsoft Visual Studio Solution File, Format Version 12.00
# Visual Studio Version 16
VisualStudioVersion = 16.0.30104.148
MinimumVisualStudioVersion = 10.0.40219.1
Project("{9A19103F-16F7-4668-BE54-9A1E7A4F7556}") = "CursoCsharp", "CursoCsharp\CursoCsharp.csproj", "{353AA478-38C8-4AB5-8231-8AE5E4BDA3AB}"
EndProject
Project("{9A19103F-16F7-4668-BE54-9A1E7A4F7556}") = "CSharpCondicionales", "CSharpCondicionales\CSharpCondicionales.csproj", "{73EA9AA3-690B-45B2-BD9D-981C4A977808}"
EndProject
Project("{9A19103F-16F7-4668-BE54-9A1E7A4F7556}") = "CsharpCiclos", "CsharpCiclos\CsharpCiclos.csproj", "{B9B66C77-D785-4CDE-B3BE-7E495D80756B}"
EndProject
Project("{9A19103F-16F7-4668-BE54-9A1E7A4F7556}") = "CSharpExcepciones", "CSharpExcepciones\CSharpExcepciones.csproj", "{C48D3AE9-7E9A-4B5A-888B-077AD93F4321}"
EndProject
Project("{9A19103F-16F7-4668-BE54-9A1E7A4F7556}") = "CSharpColecciones", "CSharpColecciones\CSharpColecciones.csproj", "{A05B6DDE-2E8D-4915-87FD-E0F08D8A89FE}"
EndProject
Project("{FAE04EC0-301F-11D3-BF4B-00C04F79EFBC}") = "CSharpSocialNetWorkManager", "CSharpSocialNetWorkManager\CSharpSocialNetWorkManager.csproj", "{869CF35D-7A20-4222-8E78-8F8DC0F8DC8F}"
EndProject
Global
	GlobalSection(SolutionConfigurationPlatforms) = preSolution
		Debug|Any CPU = Debug|Any CPU
		Release|Any CPU = Release|Any CPU
	EndGlobalSection
	GlobalSection(ProjectConfigurationPlatforms) = postSolution
		{353AA478-38C8-4AB5-8231-8AE5E4BDA3AB}.Debug|Any CPU.ActiveCfg = Debug|Any CPU
		{353AA478-38C8-4AB5-8231-8AE5E4BDA3AB}.Debug|Any CPU.Build.0 = Debug|Any CPU
		{353AA478-38C8-4AB5-8231-8AE5E4BDA3AB}.Release|Any CPU.ActiveCfg = Release|Any CPU
		{353AA478-38C8-4AB5-8231-8AE5E4BDA3AB}.Release|Any CPU.Build.0 = Release|Any CPU
		{73EA9AA3-690B-45B2-BD9D-981C4A977808}.Debug|Any CPU.ActiveCfg = Debug|Any CPU
		{73EA9AA3-690B-45B2-BD9D-981C4A977808}.Debug|Any CPU.Build.0 = Debug|Any CPU
		{73EA9AA3-690B-45B2-BD9D-981C4A977808}.Release|Any CPU.ActiveCfg = Release|Any CPU
		{73EA9AA3-690B-45B2-BD9D-981C4A977808}.Release|Any CPU.Build.0 = Release|Any CPU
		{B9B66C77-D785-4CDE-B3BE-7E495D80756B}.Debug|Any CPU.ActiveCfg = Debug|Any CPU
		{B9B66C77-D785-4CDE-B3BE-7E495D80756B}.Debug|Any CPU.Build.0 = Debug|Any CPU
		{B9B66C77-D785-4CDE-B3BE-7E495D80756B}.Release|Any CPU.ActiveCfg = Release|Any CPU
		{B9B66C77-D785-4CDE-B3BE-7E495D80756B}.Release|Any CPU.Build.0 = Release|Any CPU
		{C48D3AE9-7E9A-4B5A-888B-077AD93F4321}.Debug|Any CPU.ActiveCfg = Debug|Any CPU
		{C48D3AE9-7E9A-4B5A-888B-077AD93F4321}.Debug|Any CPU.Build.0 = Debug|Any CPU
		{C48D3AE9-7E9A-4B5A-888B-077AD93F4321}.Release|Any CPU.ActiveCfg = Release|Any CPU
		{C48D3AE9-7E9A-4B5A-888B-077AD93F4321}.Release|Any CPU.Build.0 = Release|Any CPU
		{A05B6DDE-2E8D-4915-87FD-E0F08D8A89FE}.Debug|Any CPU.ActiveCfg = Debug|Any CPU
		{A05B6DDE-2E8D-4915-87FD-E0F08D8A89FE}.Debug|Any CPU.Build.0 = Debug|Any CPU
		{A05B6DDE-2E8D-4915-87FD-E0F08D8A89FE}.Release|Any CPU.ActiveCfg = Release|Any CPU
		{A05B6DDE-2E8D-4915-87FD-E0F08D8A89FE}.Release|Any CPU.Build.0 = Release|Any CPU
		{869CF35D-7A20-4222-8E78-8F8DC0F8DC8F}.Debug|Any CPU.ActiveCfg = Debug|Any CPU
		{869CF35D-7A20-4222-8E78-8F8DC0F8DC8F}.Debug|Any CPU.Build.0 = Debug|Any CPU
		{869CF35D-7A20-4222-8E78-8F8DC0F8DC8F}.Release|Any CPU.ActiveCfg = Release|Any CPU
		{869CF35D-7A20-4222-8E78-8F8DC0F8DC8F}.Release|Any CPU.Build.0 = Release|Any CPU
	EndGlobalSection
	GlobalSection(SolutionProperties) = preSolution
		HideSolutionNode = FALSE
	EndGlobalSection
	GlobalSection(ExtensibilityGlobals) = postSolution
		SolutionGuid = {CC331D10-C821-4509-A317-A55524407947}
	EndGlobalSection
EndGlobal
